
Microsoft Visual Studio Solution File, Format Version 12.00
# Visual Studio Version 17
VisualStudioVersion = 17.10.34928.147
MinimumVisualStudioVersion = 10.0.40219.1
Project("{9A19103F-16F7-4668-BE54-9A1E7A4F7556}") = "StoreApp", "StoreApp\StoreApp.csproj", "{7E33AE19-08C1-428B-8FF3-DF5457D90A54}"
EndProject
Project("{9A19103F-16F7-4668-BE54-9A1E7A4F7556}") = "Entitites", "Entitites\Entitites.csproj", "{E2AAC9A8-2D4C-4084-8842-46887827EE98}"
EndProject
Project("{9A19103F-16F7-4668-BE54-9A1E7A4F7556}") = "Repositories", "Repositories\Repositories.csproj", "{189ADF0C-431D-4B6D-9025-6F076B9FC722}"
EndProject
Project("{9A19103F-16F7-4668-BE54-9A1E7A4F7556}") = "Services", "Services\Services.csproj", "{D8BBBC54-8052-4359-936C-3B86CB25215B}"
EndProject
Project("{FAE04EC0-301F-11D3-BF4B-00C04F79EFBC}") = "Presentation", "Presentation\Presentation.csproj", "{103A8DEC-AA03-4203-8686-5AB47469887D}"
EndProject
Global
	GlobalSection(SolutionConfigurationPlatforms) = preSolution
		Debug|Any CPU = Debug|Any CPU
		Release|Any CPU = Release|Any CPU
	EndGlobalSection
	GlobalSection(ProjectConfigurationPlatforms) = postSolution
		{7E33AE19-08C1-428B-8FF3-DF5457D90A54}.Debug|Any CPU.ActiveCfg = Debug|Any CPU
		{7E33AE19-08C1-428B-8FF3-DF5457D90A54}.Debug|Any CPU.Build.0 = Debug|Any CPU
		{7E33AE19-08C1-428B-8FF3-DF5457D90A54}.Release|Any CPU.ActiveCfg = Release|Any CPU
		{7E33AE19-08C1-428B-8FF3-DF5457D90A54}.Release|Any CPU.Build.0 = Release|Any CPU
		{E2AAC9A8-2D4C-4084-8842-46887827EE98}.Debug|Any CPU.ActiveCfg = Debug|Any CPU
		{E2AAC9A8-2D4C-4084-8842-46887827EE98}.Debug|Any CPU.Build.0 = Debug|Any CPU
		{E2AAC9A8-2D4C-4084-8842-46887827EE98}.Release|Any CPU.ActiveCfg = Release|Any CPU
		{E2AAC9A8-2D4C-4084-8842-46887827EE98}.Release|Any CPU.Build.0 = Release|Any CPU
		{189ADF0C-431D-4B6D-9025-6F076B9FC722}.Debug|Any CPU.ActiveCfg = Debug|Any CPU
		{189ADF0C-431D-4B6D-9025-6F076B9FC722}.Debug|Any CPU.Build.0 = Debug|Any CPU
		{189ADF0C-431D-4B6D-9025-6F076B9FC722}.Release|Any CPU.ActiveCfg = Release|Any CPU
		{189ADF0C-431D-4B6D-9025-6F076B9FC722}.Release|Any CPU.Build.0 = Release|Any CPU
		{D8BBBC54-8052-4359-936C-3B86CB25215B}.Debug|Any CPU.ActiveCfg = Debug|Any CPU
		{D8BBBC54-8052-4359-936C-3B86CB25215B}.Debug|Any CPU.Build.0 = Debug|Any CPU
		{D8BBBC54-8052-4359-936C-3B86CB25215B}.Release|Any CPU.ActiveCfg = Release|Any CPU
		{D8BBBC54-8052-4359-936C-3B86CB25215B}.Release|Any CPU.Build.0 = Release|Any CPU
		{103A8DEC-AA03-4203-8686-5AB47469887D}.Debug|Any CPU.ActiveCfg = Debug|Any CPU
		{103A8DEC-AA03-4203-8686-5AB47469887D}.Debug|Any CPU.Build.0 = Debug|Any CPU
		{103A8DEC-AA03-4203-8686-5AB47469887D}.Release|Any CPU.ActiveCfg = Release|Any CPU
		{103A8DEC-AA03-4203-8686-5AB47469887D}.Release|Any CPU.Build.0 = Release|Any CPU
	EndGlobalSection
	GlobalSection(SolutionProperties) = preSolution
		HideSolutionNode = FALSE
	EndGlobalSection
	GlobalSection(ExtensibilityGlobals) = postSolution
		SolutionGuid = {82EC9080-93BB-4952-BD31-D4C0F8230623}
	EndGlobalSection
EndGlobal
